
Microsoft Visual Studio Solution File, Format Version 11.00
# Visual C# Express 2010
Project("{FAE04EC0-301F-11D3-BF4B-00C04F79EFBC}") = "Name", "Name\Name.csproj", "{81AB9748-B3CF-409F-913D-1FA91D3D3BFF}"
EndProject
Project("{FAE04EC0-301F-11D3-BF4B-00C04F79EFBC}") = "Address", "Address\Address.csproj", "{70A05983-3804-44B5-89EC-E2926C141E70}"
EndProject
Project("{FAE04EC0-301F-11D3-BF4B-00C04F79EFBC}") = "Quotation", "Quotation\Quotation.csproj", "{0C07CFEE-51F7-44D8-BBA7-62DA9526452C}"
EndProject
Project("{FAE04EC0-301F-11D3-BF4B-00C04F79EFBC}") = "Tree", "Tree\Tree.csproj", "{5A12ABC3-D512-4CA0-8419-CC9399B37266}"
EndProject
Project("{FAE04EC0-301F-11D3-BF4B-00C04F79EFBC}") = "Initials", "Initials\Initials.csproj", "{143E8531-1445-4C98-BB43-B6CECE36B603}"
EndProject
Project("{FAE04EC0-301F-11D3-BF4B-00C04F79EFBC}") = "BurmanShave", "BurmanShave\BurmanShave.csproj", "{E22774F4-5745-4B64-ACC2-C952DD4E7D4A}"
EndProject
Global
	GlobalSection(SolutionConfigurationPlatforms) = preSolution
		Debug|x86 = Debug|x86
		Release|x86 = Release|x86
	EndGlobalSection
	GlobalSection(ProjectConfigurationPlatforms) = postSolution
		{81AB9748-B3CF-409F-913D-1FA91D3D3BFF}.Debug|x86.ActiveCfg = Debug|x86
		{81AB9748-B3CF-409F-913D-1FA91D3D3BFF}.Debug|x86.Build.0 = Debug|x86
		{81AB9748-B3CF-409F-913D-1FA91D3D3BFF}.Release|x86.ActiveCfg = Release|x86
		{81AB9748-B3CF-409F-913D-1FA91D3D3BFF}.Release|x86.Build.0 = Release|x86
		{70A05983-3804-44B5-89EC-E2926C141E70}.Debug|x86.ActiveCfg = Debug|x86
		{70A05983-3804-44B5-89EC-E2926C141E70}.Debug|x86.Build.0 = Debug|x86
		{70A05983-3804-44B5-89EC-E2926C141E70}.Release|x86.ActiveCfg = Release|x86
		{70A05983-3804-44B5-89EC-E2926C141E70}.Release|x86.Build.0 = Release|x86
		{0C07CFEE-51F7-44D8-BBA7-62DA9526452C}.Debug|x86.ActiveCfg = Debug|x86
		{0C07CFEE-51F7-44D8-BBA7-62DA9526452C}.Debug|x86.Build.0 = Debug|x86
		{0C07CFEE-51F7-44D8-BBA7-62DA9526452C}.Release|x86.ActiveCfg = Release|x86
		{0C07CFEE-51F7-44D8-BBA7-62DA9526452C}.Release|x86.Build.0 = Release|x86
		{5A12ABC3-D512-4CA0-8419-CC9399B37266}.Debug|x86.ActiveCfg = Debug|x86
		{5A12ABC3-D512-4CA0-8419-CC9399B37266}.Debug|x86.Build.0 = Debug|x86
		{5A12ABC3-D512-4CA0-8419-CC9399B37266}.Release|x86.ActiveCfg = Release|x86
		{5A12ABC3-D512-4CA0-8419-CC9399B37266}.Release|x86.Build.0 = Release|x86
		{143E8531-1445-4C98-BB43-B6CECE36B603}.Debug|x86.ActiveCfg = Debug|x86
		{143E8531-1445-4C98-BB43-B6CECE36B603}.Debug|x86.Build.0 = Debug|x86
		{143E8531-1445-4C98-BB43-B6CECE36B603}.Release|x86.ActiveCfg = Release|x86
		{143E8531-1445-4C98-BB43-B6CECE36B603}.Release|x86.Build.0 = Release|x86
		{E22774F4-5745-4B64-ACC2-C952DD4E7D4A}.Debug|x86.ActiveCfg = Debug|x86
		{E22774F4-5745-4B64-ACC2-C952DD4E7D4A}.Debug|x86.Build.0 = Debug|x86
		{E22774F4-5745-4B64-ACC2-C952DD4E7D4A}.Release|x86.ActiveCfg = Release|x86
		{E22774F4-5745-4B64-ACC2-C952DD4E7D4A}.Release|x86.Build.0 = Release|x86
	EndGlobalSection
	GlobalSection(SolutionProperties) = preSolution
		HideSolutionNode = FALSE
	EndGlobalSection
EndGlobal
